// !$*UTF8*$!
{
	archiveVersion = 1;
	classes = {
	};
	objectVersion = 46;
	objects = {

/* Begin PBXBuildFile section */
		26C33EF31B00EA3E00CF221A /* AppDelegate.swift in Sources */ = {isa = PBXBuildFile; fileRef = 26C33EF21B00EA3E00CF221A /* AppDelegate.swift */; };
		26C33EF51B00EA3E00CF221A /* ViewController.swift in Sources */ = {isa = PBXBuildFile; fileRef = 26C33EF41B00EA3E00CF221A /* ViewController.swift */; };
		26C33EF81B00EA3E00CF221A /* Main.storyboard in Resources */ = {isa = PBXBuildFile; fileRef = 26C33EF61B00EA3E00CF221A /* Main.storyboard */; };
		26C33EFA1B00EA3E00CF221A /* Images.xcassets in Resources */ = {isa = PBXBuildFile; fileRef = 26C33EF91B00EA3E00CF221A /* Images.xcassets */; };
		26C33EFD1B00EA3E00CF221A /* LaunchScreen.xib in Resources */ = {isa = PBXBuildFile; fileRef = 26C33EFB1B00EA3E00CF221A /* LaunchScreen.xib */; };
		26C33F091B00EA3E00CF221A /* ChainableAnimationsWithSwiftExampleTests.swift in Sources */ = {isa = PBXBuildFile; fileRef = 26C33F081B00EA3E00CF221A /* ChainableAnimationsWithSwiftExampleTests.swift */; };
		26C407741B00F9EE00739298 /* JHKeyframeAnimation.m in Sources */ = {isa = PBXBuildFile; fileRef = 26C4076F1B00F9EE00739298 /* JHKeyframeAnimation.m */; };
		26C407751B00F9EE00739298 /* NSBKeyframeAnimationFunctions.c in Sources */ = {isa = PBXBuildFile; fileRef = 26C407701B00F9EE00739298 /* NSBKeyframeAnimationFunctions.c */; };
		26C407761B00F9EE00739298 /* UIView+JHChainableAnimations.m in Sources */ = {isa = PBXBuildFile; fileRef = 26C407731B00F9EE00739298 /* UIView+JHChainableAnimations.m */; };
/* End PBXBuildFile section */

/* Begin PBXContainerItemProxy section */
		26C33F031B00EA3E00CF221A /* PBXContainerItemProxy */ = {
			isa = PBXContainerItemProxy;
			containerPortal = 26C33EE51B00EA3E00CF221A /* Project object */;
			proxyType = 1;
			remoteGlobalIDString = 26C33EEC1B00EA3E00CF221A;
			remoteInfo = ChainableAnimationsWithSwiftExample;
		};
/* End PBXContainerItemProxy section */

/* Begin PBXFileReference section */
		26C33EED1B00EA3E00CF221A /* ChainableAnimationsWithSwiftExample.app */ = {isa = PBXFileReference; explicitFileType = wrapper.application; includeInIndex = 0; path = ChainableAnimationsWithSwiftExample.app; sourceTree = BUILT_PRODUCTS_DIR; };
		26C33EF11B00EA3E00CF221A /* Info.plist */ = {isa = PBXFileReference; lastKnownFileType = text.plist.xml; path = Info.plist; sourceTree = "<group>"; };
		26C33EF21B00EA3E00CF221A /* AppDelegate.swift */ = {isa = PBXFileReference; lastKnownFileType = sourcecode.swift; path = AppDelegate.swift; sourceTree = "<group>"; };
		26C33EF41B00EA3E00CF221A /* ViewController.swift */ = {isa = PBXFileReference; lastKnownFileType = sourcecode.swift; path = ViewController.swift; sourceTree = "<group>"; };
		26C33EF71B00EA3E00CF221A /* Base */ = {isa = PBXFileReference; lastKnownFileType = file.storyboard; name = Base; path = Base.lproj/Main.storyboard; sourceTree = "<group>"; };
		26C33EF91B00EA3E00CF221A /* Images.xcassets */ = {isa = PBXFileReference; lastKnownFileType = folder.assetcatalog; path = Images.xcassets; sourceTree = "<group>"; };
		26C33EFC1B00EA3E00CF221A /* Base */ = {isa = PBXFileReference; lastKnownFileType = file.xib; name = Base; path = Base.lproj/LaunchScreen.xib; sourceTree = "<group>"; };
		26C33F021B00EA3E00CF221A /* ChainableAnimationsWithSwiftExampleTests.xctest */ = {isa = PBXFileReference; explicitFileType = wrapper.cfbundle; includeInIndex = 0; path = ChainableAnimationsWithSwiftExampleTests.xctest; sourceTree = BUILT_PRODUCTS_DIR; };
		26C33F071B00EA3E00CF221A /* Info.plist */ = {isa = PBXFileReference; lastKnownFileType = text.plist.xml; path = Info.plist; sourceTree = "<group>"; };
		26C33F081B00EA3E00CF221A /* ChainableAnimationsWithSwiftExampleTests.swift */ = {isa = PBXFileReference; lastKnownFileType = sourcecode.swift; path = ChainableAnimationsWithSwiftExampleTests.swift; sourceTree = "<group>"; };
		26C33F121B00EAB400CF221A /* ChainableAnimationsSwiftExample-Bridging-Header.h */ = {isa = PBXFileReference; lastKnownFileType = sourcecode.c.h; path = "ChainableAnimationsSwiftExample-Bridging-Header.h"; sourceTree = "<group>"; };
		26C4076C1B00F9EE00739298 /* JHChainableAnimations.h */ = {isa = PBXFileReference; fileEncoding = 4; lastKnownFileType = sourcecode.c.h; name = JHChainableAnimations.h; path = ../../JHChainableAnimations/JHChainableAnimations.h; sourceTree = "<group>"; };
		26C4076D1B00F9EE00739298 /* JHChainableBlocks.h */ = {isa = PBXFileReference; fileEncoding = 4; lastKnownFileType = sourcecode.c.h; name = JHChainableBlocks.h; path = ../../JHChainableAnimations/JHChainableBlocks.h; sourceTree = "<group>"; };
		26C4076E1B00F9EE00739298 /* JHKeyframeAnimation.h */ = {isa = PBXFileReference; fileEncoding = 4; lastKnownFileType = sourcecode.c.h; name = JHKeyframeAnimation.h; path = ../../JHChainableAnimations/JHKeyframeAnimation.h; sourceTree = "<group>"; };
		26C4076F1B00F9EE00739298 /* JHKeyframeAnimation.m */ = {isa = PBXFileReference; fileEncoding = 4; lastKnownFileType = sourcecode.c.objc; name = JHKeyframeAnimation.m; path = ../../JHChainableAnimations/JHKeyframeAnimation.m; sourceTree = "<group>"; };
		26C407701B00F9EE00739298 /* NSBKeyframeAnimationFunctions.c */ = {isa = PBXFileReference; fileEncoding = 4; lastKnownFileType = sourcecode.c.c; name = NSBKeyframeAnimationFunctions.c; path = ../../JHChainableAnimations/NSBKeyframeAnimationFunctions.c; sourceTree = "<group>"; };
		26C407711B00F9EE00739298 /* NSBKeyframeAnimationFunctions.h */ = {isa = PBXFileReference; fileEncoding = 4; lastKnownFileType = sourcecode.c.h; name = NSBKeyframeAnimationFunctions.h; path = ../../JHChainableAnimations/NSBKeyframeAnimationFunctions.h; sourceTree = "<group>"; };
		26C407721B00F9EE00739298 /* UIView+JHChainableAnimations.h */ = {isa = PBXFileReference; fileEncoding = 4; lastKnownFileType = sourcecode.c.h; name = "UIView+JHChainableAnimations.h"; path = "../../JHChainableAnimations/UIView+JHChainableAnimations.h"; sourceTree = "<group>"; };
		26C407731B00F9EE00739298 /* UIView+JHChainableAnimations.m */ = {isa = PBXFileReference; fileEncoding = 4; lastKnownFileType = sourcecode.c.objc; name = "UIView+JHChainableAnimations.m"; path = "../../JHChainableAnimations/UIView+JHChainableAnimations.m"; sourceTree = "<group>"; };
/* End PBXFileReference section */

/* Begin PBXFrameworksBuildPhase section */
		26C33EEA1B00EA3E00CF221A /* Frameworks */ = {
			isa = PBXFrameworksBuildPhase;
			buildActionMask = 2147483647;
			files = (
			);
			runOnlyForDeploymentPostprocessing = 0;
		};
		26C33EFF1B00EA3E00CF221A /* Frameworks */ = {
			isa = PBXFrameworksBuildPhase;
			buildActionMask = 2147483647;
			files = (
			);
			runOnlyForDeploymentPostprocessing = 0;
		};
/* End PBXFrameworksBuildPhase section */

/* Begin PBXGroup section */
		26C33EE41B00EA3E00CF221A = {
			isa = PBXGroup;
			children = (
				26C33EEF1B00EA3E00CF221A /* ChainableAnimationsWithSwiftExample */,
				26C33F051B00EA3E00CF221A /* ChainableAnimationsWithSwiftExampleTests */,
				26C33EEE1B00EA3E00CF221A /* Products */,
			);
			sourceTree = "<group>";
		};
		26C33EEE1B00EA3E00CF221A /* Products */ = {
			isa = PBXGroup;
			children = (
				26C33EED1B00EA3E00CF221A /* ChainableAnimationsWithSwiftExample.app */,
				26C33F021B00EA3E00CF221A /* ChainableAnimationsWithSwiftExampleTests.xctest */,
			);
			name = Products;
			sourceTree = "<group>";
		};
		26C33EEF1B00EA3E00CF221A /* ChainableAnimationsWithSwiftExample */ = {
			isa = PBXGroup;
			children = (
				26C33F131B00EABE00CF221A /* JHChainableAnimations */,
				26C33EF21B00EA3E00CF221A /* AppDelegate.swift */,
				26C33EF41B00EA3E00CF221A /* ViewController.swift */,
				26C33EF61B00EA3E00CF221A /* Main.storyboard */,
				26C33EF91B00EA3E00CF221A /* Images.xcassets */,
				26C33EFB1B00EA3E00CF221A /* LaunchScreen.xib */,
				26C33EF01B00EA3E00CF221A /* Supporting Files */,
				26C33F121B00EAB400CF221A /* ChainableAnimationsSwiftExample-Bridging-Header.h */,
			);
			path = ChainableAnimationsWithSwiftExample;
			sourceTree = "<group>";
		};
		26C33EF01B00EA3E00CF221A /* Supporting Files */ = {
			isa = PBXGroup;
			children = (
				26C33EF11B00EA3E00CF221A /* Info.plist */,
			);
			name = "Supporting Files";
			sourceTree = "<group>";
		};
		26C33F051B00EA3E00CF221A /* ChainableAnimationsWithSwiftExampleTests */ = {
			isa = PBXGroup;
			children = (
				26C33F081B00EA3E00CF221A /* ChainableAnimationsWithSwiftExampleTests.swift */,
				26C33F061B00EA3E00CF221A /* Supporting Files */,
			);
			path = ChainableAnimationsWithSwiftExampleTests;
			sourceTree = "<group>";
		};
		26C33F061B00EA3E00CF221A /* Supporting Files */ = {
			isa = PBXGroup;
			children = (
				26C33F071B00EA3E00CF221A /* Info.plist */,
			);
			name = "Supporting Files";
			sourceTree = "<group>";
		};
		26C33F131B00EABE00CF221A /* JHChainableAnimations */ = {
			isa = PBXGroup;
			children = (
				26C4076C1B00F9EE00739298 /* JHChainableAnimations.h */,
				26C4076D1B00F9EE00739298 /* JHChainableBlocks.h */,
				26C4076E1B00F9EE00739298 /* JHKeyframeAnimation.h */,
				26C4076F1B00F9EE00739298 /* JHKeyframeAnimation.m */,
				26C407701B00F9EE00739298 /* NSBKeyframeAnimationFunctions.c */,
				26C407711B00F9EE00739298 /* NSBKeyframeAnimationFunctions.h */,
				26C407721B00F9EE00739298 /* UIView+JHChainableAnimations.h */,
				26C407731B00F9EE00739298 /* UIView+JHChainableAnimations.m */,
			);
			name = JHChainableAnimations;
			sourceTree = "<group>";
		};
/* End PBXGroup section */

/* Begin PBXNativeTarget section */
		26C33EEC1B00EA3E00CF221A /* ChainableAnimationsWithSwiftExample */ = {
			isa = PBXNativeTarget;
			buildConfigurationList = 26C33F0C1B00EA3E00CF221A /* Build configuration list for PBXNativeTarget "ChainableAnimationsWithSwiftExample" */;
			buildPhases = (
				26C33EE91B00EA3E00CF221A /* Sources */,
				26C33EEA1B00EA3E00CF221A /* Frameworks */,
				26C33EEB1B00EA3E00CF221A /* Resources */,
			);
			buildRules = (
			);
			dependencies = (
			);
			name = ChainableAnimationsWithSwiftExample;
			productName = ChainableAnimationsWithSwiftExample;
			productReference = 26C33EED1B00EA3E00CF221A /* ChainableAnimationsWithSwiftExample.app */;
			productType = "com.apple.product-type.application";
		};
		26C33F011B00EA3E00CF221A /* ChainableAnimationsWithSwiftExampleTests */ = {
			isa = PBXNativeTarget;
			buildConfigurationList = 26C33F0F1B00EA3E00CF221A /* Build configuration list for PBXNativeTarget "ChainableAnimationsWithSwiftExampleTests" */;
			buildPhases = (
				26C33EFE1B00EA3E00CF221A /* Sources */,
				26C33EFF1B00EA3E00CF221A /* Frameworks */,
				26C33F001B00EA3E00CF221A /* Resources */,
			);
			buildRules = (
			);
			dependencies = (
				26C33F041B00EA3E00CF221A /* PBXTargetDependency */,
			);
			name = ChainableAnimationsWithSwiftExampleTests;
			productName = ChainableAnimationsWithSwiftExampleTests;
			productReference = 26C33F021B00EA3E00CF221A /* ChainableAnimationsWithSwiftExampleTests.xctest */;
			productType = "com.apple.product-type.bundle.unit-test";
		};
/* End PBXNativeTarget section */

/* Begin PBXProject section */
		26C33EE51B00EA3E00CF221A /* Project object */ = {
			isa = PBXProject;
			attributes = {
				LastUpgradeCheck = 0630;
				ORGANIZATIONNAME = jhurray;
				TargetAttributes = {
					26C33EEC1B00EA3E00CF221A = {
						CreatedOnToolsVersion = 6.3.1;
					};
					26C33F011B00EA3E00CF221A = {
						CreatedOnToolsVersion = 6.3.1;
						TestTargetID = 26C33EEC1B00EA3E00CF221A;
					};
				};
			};
			buildConfigurationList = 26C33EE81B00EA3E00CF221A /* Build configuration list for PBXProject "ChainableAnimationsWithSwiftExample" */;
			compatibilityVersion = "Xcode 3.2";
			developmentRegion = English;
			hasScannedForEncodings = 0;
			knownRegions = (
				en,
				Base,
			);
			mainGroup = 26C33EE41B00EA3E00CF221A;
			productRefGroup = 26C33EEE1B00EA3E00CF221A /* Products */;
			projectDirPath = "";
			projectRoot = "";
			targets = (
				26C33EEC1B00EA3E00CF221A /* ChainableAnimationsWithSwiftExample */,
				26C33F011B00EA3E00CF221A /* ChainableAnimationsWithSwiftExampleTests */,
			);
		};
/* End PBXProject section */

/* Begin PBXResourcesBuildPhase section */
		26C33EEB1B00EA3E00CF221A /* Resources */ = {
			isa = PBXResourcesBuildPhase;
			buildActionMask = 2147483647;
			files = (
				26C33EF81B00EA3E00CF221A /* Main.storyboard in Resources */,
				26C33EFD1B00EA3E00CF221A /* LaunchScreen.xib in Resources */,
				26C33EFA1B00EA3E00CF221A /* Images.xcassets in Resources */,
			);
			runOnlyForDeploymentPostprocessing = 0;
		};
		26C33F001B00EA3E00CF221A /* Resources */ = {
			isa = PBXResourcesBuildPhase;
			buildActionMask = 2147483647;
			files = (
			);
			runOnlyForDeploymentPostprocessing = 0;
		};
/* End PBXResourcesBuildPhase section */

/* Begin PBXSourcesBuildPhase section */
		26C33EE91B00EA3E00CF221A /* Sources */ = {
			isa = PBXSourcesBuildPhase;
			buildActionMask = 2147483647;
			files = (
				26C407751B00F9EE00739298 /* NSBKeyframeAnimationFunctions.c in Sources */,
				26C407741B00F9EE00739298 /* JHKeyframeAnimation.m in Sources */,
				26C33EF51B00EA3E00CF221A /* ViewController.swift in Sources */,
				26C407761B00F9EE00739298 /* UIView+JHChainableAnimations.m in Sources */,
				26C33EF31B00EA3E00CF221A /* AppDelegate.swift in Sources */,
			);
			runOnlyForDeploymentPostprocessing = 0;
		};
		26C33EFE1B00EA3E00CF221A /* Sources */ = {
			isa = PBXSourcesBuildPhase;
			buildActionMask = 2147483647;
			files = (
				26C33F091B00EA3E00CF221A /* ChainableAnimationsWithSwiftExampleTests.swift in Sources */,
			);
			runOnlyForDeploymentPostprocessing = 0;
		};
/* End PBXSourcesBuildPhase section */

/* Begin PBXTargetDependency section */
		26C33F041B00EA3E00CF221A /* PBXTargetDependency */ = {
			isa = PBXTargetDependency;
			target = 26C33EEC1B00EA3E00CF221A /* ChainableAnimationsWithSwiftExample */;
			targetProxy = 26C33F031B00EA3E00CF221A /* PBXContainerItemProxy */;
		};
/* End PBXTargetDependency section */

/* Begin PBXVariantGroup section */
		26C33EF61B00EA3E00CF221A /* Main.storyboard */ = {
			isa = PBXVariantGroup;
			children = (
				26C33EF71B00EA3E00CF221A /* Base */,
			);
			name = Main.storyboard;
			sourceTree = "<group>";
		};
		26C33EFB1B00EA3E00CF221A /* LaunchScreen.xib */ = {
			isa = PBXVariantGroup;
			children = (
				26C33EFC1B00EA3E00CF221A /* Base */,
			);
			name = LaunchScreen.xib;
			sourceTree = "<group>";
		};
/* End PBXVariantGroup section */

/* Begin XCBuildConfiguration section */
		26C33F0A1B00EA3E00CF221A /* Debug */ = {
			isa = XCBuildConfiguration;
			buildSettings = {
				ALWAYS_SEARCH_USER_PATHS = NO;
				CLANG_CXX_LANGUAGE_STANDARD = "gnu++0x";
				CLANG_CXX_LIBRARY = "libc++";
				CLANG_ENABLE_MODULES = YES;
				CLANG_ENABLE_OBJC_ARC = YES;
				CLANG_WARN_BOOL_CONVERSION = YES;
				CLANG_WARN_CONSTANT_CONVERSION = YES;
				CLANG_WARN_DIRECT_OBJC_ISA_USAGE = YES_ERROR;
				CLANG_WARN_EMPTY_BODY = YES;
				CLANG_WARN_ENUM_CONVERSION = YES;
				CLANG_WARN_INT_CONVERSION = YES;
				CLANG_WARN_OBJC_ROOT_CLASS = YES_ERROR;
				CLANG_WARN_UNREACHABLE_CODE = YES;
				CLANG_WARN__DUPLICATE_METHOD_MATCH = YES;
				"CODE_SIGN_IDENTITY[sdk=iphoneos*]" = "iPhone Developer";
				COPY_PHASE_STRIP = NO;
				DEBUG_INFORMATION_FORMAT = "dwarf-with-dsym";
				ENABLE_STRICT_OBJC_MSGSEND = YES;
				GCC_C_LANGUAGE_STANDARD = gnu99;
				GCC_DYNAMIC_NO_PIC = NO;
				GCC_NO_COMMON_BLOCKS = YES;
				GCC_OPTIMIZATION_LEVEL = 0;
				GCC_PREPROCESSOR_DEFINITIONS = (
					"DEBUG=1",
					"$(inherited)",
				);
				GCC_SYMBOLS_PRIVATE_EXTERN = NO;
				GCC_WARN_64_TO_32_BIT_CONVERSION = YES;
				GCC_WARN_ABOUT_RETURN_TYPE = YES_ERROR;
				GCC_WARN_UNDECLARED_SELECTOR = YES;
				GCC_WARN_UNINITIALIZED_AUTOS = YES_AGGRESSIVE;
				GCC_WARN_UNUSED_FUNCTION = YES;
				GCC_WARN_UNUSED_VARIABLE = YES;
				IPHONEOS_DEPLOYMENT_TARGET = 8.3;
				MTL_ENABLE_DEBUG_INFO = YES;
				ONLY_ACTIVE_ARCH = YES;
				SDKROOT = iphoneos;
				SWIFT_OBJC_BRIDGING_HEADER = "/Users/jhurray/Desktop/repo-main/JHChainableAnimations/JHChainableAnimationsExample-Swift/ChainableAnimationsWithSwiftExample/ChainableAnimationsSwiftExample-Bridging-Header.h";
				SWIFT_OPTIMIZATION_LEVEL = "-Onone";
			};
			name = Debug;
		};
		26C33F0B1B00EA3E00CF221A /* Release */ = {
			isa = XCBuildConfiguration;
			buildSettings = {
				ALWAYS_SEARCH_USER_PATHS = NO;
				CLANG_CXX_LANGUAGE_STANDARD = "gnu++0x";
				CLANG_CXX_LIBRARY = "libc++";
				CLANG_ENABLE_MODULES = YES;
				CLANG_ENABLE_OBJC_ARC = YES;
				CLANG_WARN_BOOL_CONVERSION = YES;
				CLANG_WARN_CONSTANT_CONVERSION = YES;
				CLANG_WARN_DIRECT_OBJC_ISA_USAGE = YES_ERROR;
				CLANG_WARN_EMPTY_BODY = YES;
				CLANG_WARN_ENUM_CONVERSION = YES;
				CLANG_WARN_INT_CONVERSION = YES;
				CLANG_WARN_OBJC_ROOT_CLASS = YES_ERROR;
				CLANG_WARN_UNREACHABLE_CODE = YES;
				CLANG_WARN__DUPLICATE_METHOD_MATCH = YES;
				"CODE_SIGN_IDENTITY[sdk=iphoneos*]" = "iPhone Developer";
				COPY_PHASE_STRIP = NO;
				DEBUG_INFORMATION_FORMAT = "dwarf-with-dsym";
				ENABLE_NS_ASSERTIONS = NO;
				ENABLE_STRICT_OBJC_MSGSEND = YES;
				GCC_C_LANGUAGE_STANDARD = gnu99;
				GCC_NO_COMMON_BLOCKS = YES;
				GCC_WARN_64_TO_32_BIT_CONVERSION = YES;
				GCC_WARN_ABOUT_RETURN_TYPE = YES_ERROR;
				GCC_WARN_UNDECLARED_SELECTOR = YES;
				GCC_WARN_UNINITIALIZED_AUTOS = YES_AGGRESSIVE;
				GCC_WARN_UNUSED_FUNCTION = YES;
				GCC_WARN_UNUSED_VARIABLE = YES;
				IPHONEOS_DEPLOYMENT_TARGET = 8.3;
				MTL_ENABLE_DEBUG_INFO = NO;
				SDKROOT = iphoneos;
				SWIFT_OBJC_BRIDGING_HEADER = "/Users/jhurray/Desktop/repo-main/JHChainableAnimations/JHChainableAnimationsExample-Swift/ChainableAnimationsWithSwiftExample/ChainableAnimationsSwiftExample-Bridging-Header.h";
				VALIDATE_PRODUCT = YES;
			};
			name = Release;
		};
		26C33F0D1B00EA3E00CF221A /* Debug */ = {
			isa = XCBuildConfiguration;
			buildSettings = {
				ASSETCATALOG_COMPILER_APPICON_NAME = AppIcon;
				INFOPLIST_FILE = ChainableAnimationsWithSwiftExample/Info.plist;
				LD_RUNPATH_SEARCH_PATHS = "$(inherited) @executable_path/Frameworks";
				PRODUCT_NAME = "$(TARGET_NAME)";
			};
			name = Debug;
		};
		26C33F0E1B00EA3E00CF221A /* Release */ = {
			isa = XCBuildConfiguration;
			buildSettings = {
				ASSETCATALOG_COMPILER_APPICON_NAME = AppIcon;
				INFOPLIST_FILE = ChainableAnimationsWithSwiftExample/Info.plist;
				LD_RUNPATH_SEARCH_PATHS = "$(inherited) @executable_path/Frameworks";
				PRODUCT_NAME = "$(TARGET_NAME)";
			};
			name = Release;
		};
		26C33F101B00EA3E00CF221A /* Debug */ = {
			isa = XCBuildConfiguration;
			buildSettings = {
				BUNDLE_LOADER = "$(TEST_HOST)";
				FRAMEWORK_SEARCH_PATHS = (
					"$(SDKROOT)/Developer/Library/Frameworks",
					"$(inherited)",
				);
				GCC_PREPROCESSOR_DEFINITIONS = (
					"DEBUG=1",
					"$(inherited)",
				);
				INFOPLIST_FILE = ChainableAnimationsWithSwiftExampleTests/Info.plist;
				LD_RUNPATH_SEARCH_PATHS = "$(inherited) @executable_path/Frameworks @loader_path/Frameworks";
				PRODUCT_NAME = "$(TARGET_NAME)";
				TEST_HOST = "$(BUILT_PRODUCTS_DIR)/ChainableAnimationsWithSwiftExample.app/ChainableAnimationsWithSwiftExample";
			};
			name = Debug;
		};
		26C33F111B00EA3E00CF221A /* Release */ = {
			isa = XCBuildConfiguration;
			buildSettings = {
				BUNDLE_LOADER = "$(TEST_HOST)";
				FRAMEWORK_SEARCH_PATHS = (
					"$(SDKROOT)/Developer/Library/Frameworks",
					"$(inherited)",
				);
				INFOPLIST_FILE = ChainableAnimationsWithSwiftExampleTests/Info.plist;
				LD_RUNPATH_SEARCH_PATHS = "$(inherited) @executable_path/Frameworks @loader_path/Frameworks";
				PRODUCT_NAME = "$(TARGET_NAME)";
				TEST_HOST = "$(BUILT_PRODUCTS_DIR)/ChainableAnimationsWithSwiftExample.app/ChainableAnimationsWithSwiftExample";
			};
			name = Release;
		};
/* End XCBuildConfiguration section */

/* Begin XCConfigurationList section */
		26C33EE81B00EA3E00CF221A /* Build configuration list for PBXProject "ChainableAnimationsWithSwiftExample" */ = {
			isa = XCConfigurationList;
			buildConfigurations = (
				26C33F0A1B00EA3E00CF221A /* Debug */,
				26C33F0B1B00EA3E00CF221A /* Release */,
			);
			defaultConfigurationIsVisible = 0;
			defaultConfigurationName = Release;
		};
		26C33F0C1B00EA3E00CF221A /* Build configuration list for PBXNativeTarget "ChainableAnimationsWithSwiftExample" */ = {
			isa = XCConfigurationList;
			buildConfigurations = (
				26C33F0D1B00EA3E00CF221A /* Debug */,
				26C33F0E1B00EA3E00CF221A /* Release */,
			);
			defaultConfigurationIsVisible = 0;
			defaultConfigurationName = Release;
		};
		26C33F0F1B00EA3E00CF221A /* Build configuration list for PBXNativeTarget "ChainableAnimationsWithSwiftExampleTests" */ = {
			isa = XCConfigurationList;
			buildConfigurations = (
				26C33F101B00EA3E00CF221A /* Debug */,
				26C33F111B00EA3E00CF221A /* Release */,
			);
			defaultConfigurationIsVisible = 0;
			defaultConfigurationName = Release;
		};
/* End XCConfigurationList section */
	};
	rootObject = 26C33EE51B00EA3E00CF221A /* Project object */;
}
