// !$*UTF8*$!
{
	archiveVersion = 1;
	classes = {
	};
	objectVersion = 46;
	objects = {

/* Begin PBXBuildFile section */
		262E78A11AF984CF00BC59D9 /* JHKeyframeAnimation.m in Sources */ = {isa = PBXBuildFile; fileRef = 262E78A01AF984CF00BC59D9 /* JHKeyframeAnimation.m */; };
		262E78AE1AF9C39100BC59D9 /* NSBKeyframeAnimationFunctions.c in Sources */ = {isa = PBXBuildFile; fileRef = 262E78AC1AF9C39100BC59D9 /* NSBKeyframeAnimationFunctions.c */; };
		26B6C0F91AF1BF3700FDFB8B /* main.m in Sources */ = {isa = PBXBuildFile; fileRef = 26B6C0F81AF1BF3700FDFB8B /* main.m */; };
		26B6C0FC1AF1BF3700FDFB8B /* AppDelegate.m in Sources */ = {isa = PBXBuildFile; fileRef = 26B6C0FB1AF1BF3700FDFB8B /* AppDelegate.m */; };
		26B6C0FF1AF1BF3700FDFB8B /* ViewController.m in Sources */ = {isa = PBXBuildFile; fileRef = 26B6C0FE1AF1BF3700FDFB8B /* ViewController.m */; };
		26B6C1021AF1BF3700FDFB8B /* Main.storyboard in Resources */ = {isa = PBXBuildFile; fileRef = 26B6C1001AF1BF3700FDFB8B /* Main.storyboard */; };
		26B6C1041AF1BF3700FDFB8B /* Images.xcassets in Resources */ = {isa = PBXBuildFile; fileRef = 26B6C1031AF1BF3700FDFB8B /* Images.xcassets */; };
		26B6C1071AF1BF3700FDFB8B /* LaunchScreen.xib in Resources */ = {isa = PBXBuildFile; fileRef = 26B6C1051AF1BF3700FDFB8B /* LaunchScreen.xib */; };
		26B6C1131AF1BF3700FDFB8B /* JHAnimationKitExampleTests.m in Sources */ = {isa = PBXBuildFile; fileRef = 26B6C1121AF1BF3700FDFB8B /* JHAnimationKitExampleTests.m */; };
		26B6C1211AF1C12B00FDFB8B /* UIView+UIView_JHAnimationKit.m in Sources */ = {isa = PBXBuildFile; fileRef = 26B6C1201AF1C12B00FDFB8B /* UIView+UIView_JHAnimationKit.m */; };
/* End PBXBuildFile section */

/* Begin PBXContainerItemProxy section */
		26B6C10D1AF1BF3700FDFB8B /* PBXContainerItemProxy */ = {
			isa = PBXContainerItemProxy;
			containerPortal = 26B6C0EB1AF1BF3700FDFB8B /* Project object */;
			proxyType = 1;
			remoteGlobalIDString = 26B6C0F21AF1BF3700FDFB8B;
			remoteInfo = JHAnimationKitExample;
		};
/* End PBXContainerItemProxy section */

/* Begin PBXFileReference section */
		262E789F1AF984CF00BC59D9 /* JHKeyframeAnimation.h */ = {isa = PBXFileReference; fileEncoding = 4; lastKnownFileType = sourcecode.c.h; name = JHKeyframeAnimation.h; path = ../../JHAnimationKit/JHKeyframeAnimation.h; sourceTree = "<group>"; };
		262E78A01AF984CF00BC59D9 /* JHKeyframeAnimation.m */ = {isa = PBXFileReference; fileEncoding = 4; lastKnownFileType = sourcecode.c.objc; name = JHKeyframeAnimation.m; path = ../../JHAnimationKit/JHKeyframeAnimation.m; sourceTree = "<group>"; };
		262E78AC1AF9C39100BC59D9 /* NSBKeyframeAnimationFunctions.c */ = {isa = PBXFileReference; fileEncoding = 4; lastKnownFileType = sourcecode.c.c; name = NSBKeyframeAnimationFunctions.c; path = ../../JHAnimationKit/NSBKeyframeAnimationFunctions/NSBKeyframeAnimationFunctions.c; sourceTree = "<group>"; };
		262E78AD1AF9C39100BC59D9 /* NSBKeyframeAnimationFunctions.h */ = {isa = PBXFileReference; fileEncoding = 4; lastKnownFileType = sourcecode.c.h; name = NSBKeyframeAnimationFunctions.h; path = ../../JHAnimationKit/NSBKeyframeAnimationFunctions/NSBKeyframeAnimationFunctions.h; sourceTree = "<group>"; };
		26B6C0F31AF1BF3700FDFB8B /* JHAnimationKitExample.app */ = {isa = PBXFileReference; explicitFileType = wrapper.application; includeInIndex = 0; path = JHAnimationKitExample.app; sourceTree = BUILT_PRODUCTS_DIR; };
		26B6C0F71AF1BF3700FDFB8B /* Info.plist */ = {isa = PBXFileReference; lastKnownFileType = text.plist.xml; path = Info.plist; sourceTree = "<group>"; };
		26B6C0F81AF1BF3700FDFB8B /* main.m */ = {isa = PBXFileReference; lastKnownFileType = sourcecode.c.objc; path = main.m; sourceTree = "<group>"; };
		26B6C0FA1AF1BF3700FDFB8B /* AppDelegate.h */ = {isa = PBXFileReference; lastKnownFileType = sourcecode.c.h; path = AppDelegate.h; sourceTree = "<group>"; };
		26B6C0FB1AF1BF3700FDFB8B /* AppDelegate.m */ = {isa = PBXFileReference; lastKnownFileType = sourcecode.c.objc; path = AppDelegate.m; sourceTree = "<group>"; };
		26B6C0FD1AF1BF3700FDFB8B /* ViewController.h */ = {isa = PBXFileReference; lastKnownFileType = sourcecode.c.h; path = ViewController.h; sourceTree = "<group>"; };
		26B6C0FE1AF1BF3700FDFB8B /* ViewController.m */ = {isa = PBXFileReference; lastKnownFileType = sourcecode.c.objc; path = ViewController.m; sourceTree = "<group>"; };
		26B6C1011AF1BF3700FDFB8B /* Base */ = {isa = PBXFileReference; lastKnownFileType = file.storyboard; name = Base; path = Base.lproj/Main.storyboard; sourceTree = "<group>"; };
		26B6C1031AF1BF3700FDFB8B /* Images.xcassets */ = {isa = PBXFileReference; lastKnownFileType = folder.assetcatalog; path = Images.xcassets; sourceTree = "<group>"; };
		26B6C1061AF1BF3700FDFB8B /* Base */ = {isa = PBXFileReference; lastKnownFileType = file.xib; name = Base; path = Base.lproj/LaunchScreen.xib; sourceTree = "<group>"; };
		26B6C10C1AF1BF3700FDFB8B /* JHAnimationKitExampleTests.xctest */ = {isa = PBXFileReference; explicitFileType = wrapper.cfbundle; includeInIndex = 0; path = JHAnimationKitExampleTests.xctest; sourceTree = BUILT_PRODUCTS_DIR; };
		26B6C1111AF1BF3700FDFB8B /* Info.plist */ = {isa = PBXFileReference; lastKnownFileType = text.plist.xml; path = Info.plist; sourceTree = "<group>"; };
		26B6C1121AF1BF3700FDFB8B /* JHAnimationKitExampleTests.m */ = {isa = PBXFileReference; lastKnownFileType = sourcecode.c.objc; path = JHAnimationKitExampleTests.m; sourceTree = "<group>"; };
		26B6C11E1AF1BFA700FDFB8B /* JHAnimationKit.h */ = {isa = PBXFileReference; fileEncoding = 4; lastKnownFileType = sourcecode.c.h; name = JHAnimationKit.h; path = ../../JHAnimationKit/JHAnimationKit.h; sourceTree = "<group>"; };
		26B6C11F1AF1C12B00FDFB8B /* UIView+UIView_JHAnimationKit.h */ = {isa = PBXFileReference; fileEncoding = 4; lastKnownFileType = sourcecode.c.h; name = "UIView+UIView_JHAnimationKit.h"; path = "../../JHAnimationKit/UIView+UIView_JHAnimationKit.h"; sourceTree = "<group>"; };
		26B6C1201AF1C12B00FDFB8B /* UIView+UIView_JHAnimationKit.m */ = {isa = PBXFileReference; fileEncoding = 4; lastKnownFileType = sourcecode.c.objc; name = "UIView+UIView_JHAnimationKit.m"; path = "../../JHAnimationKit/UIView+UIView_JHAnimationKit.m"; sourceTree = "<group>"; };
		26B6C1241AF1E41100FDFB8B /* JHChainableBlocks.h */ = {isa = PBXFileReference; fileEncoding = 4; lastKnownFileType = sourcecode.c.h; name = JHChainableBlocks.h; path = ../../JHAnimationKit/JHChainableBlocks.h; sourceTree = "<group>"; };
/* End PBXFileReference section */

/* Begin PBXFrameworksBuildPhase section */
		26B6C0F01AF1BF3700FDFB8B /* Frameworks */ = {
			isa = PBXFrameworksBuildPhase;
			buildActionMask = 2147483647;
			files = (
			);
			runOnlyForDeploymentPostprocessing = 0;
		};
		26B6C1091AF1BF3700FDFB8B /* Frameworks */ = {
			isa = PBXFrameworksBuildPhase;
			buildActionMask = 2147483647;
			files = (
			);
			runOnlyForDeploymentPostprocessing = 0;
		};
/* End PBXFrameworksBuildPhase section */

/* Begin PBXGroup section */
		262E78B01AF9C3D500BC59D9 /* NSBKeyframeAnimationFunctions */ = {
			isa = PBXGroup;
			children = (
				262E78AD1AF9C39100BC59D9 /* NSBKeyframeAnimationFunctions.h */,
				262E78AC1AF9C39100BC59D9 /* NSBKeyframeAnimationFunctions.c */,
			);
			name = NSBKeyframeAnimationFunctions;
			sourceTree = "<group>";
		};
		26B6C0EA1AF1BF3700FDFB8B = {
			isa = PBXGroup;
			children = (
				26B6C0F51AF1BF3700FDFB8B /* JHAnimationKitExample */,
				26B6C10F1AF1BF3700FDFB8B /* JHAnimationKitExampleTests */,
				26B6C0F41AF1BF3700FDFB8B /* Products */,
			);
			sourceTree = "<group>";
		};
		26B6C0F41AF1BF3700FDFB8B /* Products */ = {
			isa = PBXGroup;
			children = (
				26B6C0F31AF1BF3700FDFB8B /* JHAnimationKitExample.app */,
				26B6C10C1AF1BF3700FDFB8B /* JHAnimationKitExampleTests.xctest */,
			);
			name = Products;
			sourceTree = "<group>";
		};
		26B6C0F51AF1BF3700FDFB8B /* JHAnimationKitExample */ = {
			isa = PBXGroup;
			children = (
				26B6C11C1AF1BF7000FDFB8B /* JHAnimationKit */,
				26B6C0FA1AF1BF3700FDFB8B /* AppDelegate.h */,
				26B6C0FB1AF1BF3700FDFB8B /* AppDelegate.m */,
				26B6C0FD1AF1BF3700FDFB8B /* ViewController.h */,
				26B6C0FE1AF1BF3700FDFB8B /* ViewController.m */,
				26B6C1001AF1BF3700FDFB8B /* Main.storyboard */,
				26B6C1031AF1BF3700FDFB8B /* Images.xcassets */,
				26B6C1051AF1BF3700FDFB8B /* LaunchScreen.xib */,
				26B6C0F61AF1BF3700FDFB8B /* Supporting Files */,
			);
			path = JHAnimationKitExample;
			sourceTree = "<group>";
		};
		26B6C0F61AF1BF3700FDFB8B /* Supporting Files */ = {
			isa = PBXGroup;
			children = (
				26B6C0F71AF1BF3700FDFB8B /* Info.plist */,
				26B6C0F81AF1BF3700FDFB8B /* main.m */,
			);
			name = "Supporting Files";
			sourceTree = "<group>";
		};
		26B6C10F1AF1BF3700FDFB8B /* JHAnimationKitExampleTests */ = {
			isa = PBXGroup;
			children = (
				26B6C1121AF1BF3700FDFB8B /* JHAnimationKitExampleTests.m */,
				26B6C1101AF1BF3700FDFB8B /* Supporting Files */,
			);
			path = JHAnimationKitExampleTests;
			sourceTree = "<group>";
		};
		26B6C1101AF1BF3700FDFB8B /* Supporting Files */ = {
			isa = PBXGroup;
			children = (
				26B6C1111AF1BF3700FDFB8B /* Info.plist */,
			);
			name = "Supporting Files";
			sourceTree = "<group>";
		};
		26B6C11C1AF1BF7000FDFB8B /* JHAnimationKit */ = {
			isa = PBXGroup;
			children = (
				262E78B01AF9C3D500BC59D9 /* NSBKeyframeAnimationFunctions */,
				26B6C11E1AF1BFA700FDFB8B /* JHAnimationKit.h */,
				26B6C1241AF1E41100FDFB8B /* JHChainableBlocks.h */,
				26B6C11F1AF1C12B00FDFB8B /* UIView+UIView_JHAnimationKit.h */,
				26B6C1201AF1C12B00FDFB8B /* UIView+UIView_JHAnimationKit.m */,
				262E789F1AF984CF00BC59D9 /* JHKeyframeAnimation.h */,
				262E78A01AF984CF00BC59D9 /* JHKeyframeAnimation.m */,
			);
			name = JHAnimationKit;
			sourceTree = "<group>";
		};
/* End PBXGroup section */

/* Begin PBXNativeTarget section */
		26B6C0F21AF1BF3700FDFB8B /* JHAnimationKitExample */ = {
			isa = PBXNativeTarget;
			buildConfigurationList = 26B6C1161AF1BF3700FDFB8B /* Build configuration list for PBXNativeTarget "JHAnimationKitExample" */;
			buildPhases = (
				26B6C0EF1AF1BF3700FDFB8B /* Sources */,
				26B6C0F01AF1BF3700FDFB8B /* Frameworks */,
				26B6C0F11AF1BF3700FDFB8B /* Resources */,
			);
			buildRules = (
			);
			dependencies = (
			);
			name = JHAnimationKitExample;
			productName = JHAnimationKitExample;
			productReference = 26B6C0F31AF1BF3700FDFB8B /* JHAnimationKitExample.app */;
			productType = "com.apple.product-type.application";
		};
		26B6C10B1AF1BF3700FDFB8B /* JHAnimationKitExampleTests */ = {
			isa = PBXNativeTarget;
			buildConfigurationList = 26B6C1191AF1BF3700FDFB8B /* Build configuration list for PBXNativeTarget "JHAnimationKitExampleTests" */;
			buildPhases = (
				26B6C1081AF1BF3700FDFB8B /* Sources */,
				26B6C1091AF1BF3700FDFB8B /* Frameworks */,
				26B6C10A1AF1BF3700FDFB8B /* Resources */,
			);
			buildRules = (
			);
			dependencies = (
				26B6C10E1AF1BF3700FDFB8B /* PBXTargetDependency */,
			);
			name = JHAnimationKitExampleTests;
			productName = JHAnimationKitExampleTests;
			productReference = 26B6C10C1AF1BF3700FDFB8B /* JHAnimationKitExampleTests.xctest */;
			productType = "com.apple.product-type.bundle.unit-test";
		};
/* End PBXNativeTarget section */

/* Begin PBXProject section */
		26B6C0EB1AF1BF3700FDFB8B /* Project object */ = {
			isa = PBXProject;
			attributes = {
				LastUpgradeCheck = 0630;
				ORGANIZATIONNAME = jhurray;
				TargetAttributes = {
					26B6C0F21AF1BF3700FDFB8B = {
						CreatedOnToolsVersion = 6.3.1;
					};
					26B6C10B1AF1BF3700FDFB8B = {
						CreatedOnToolsVersion = 6.3.1;
						TestTargetID = 26B6C0F21AF1BF3700FDFB8B;
					};
				};
			};
			buildConfigurationList = 26B6C0EE1AF1BF3700FDFB8B /* Build configuration list for PBXProject "JHAnimationKitExample" */;
			compatibilityVersion = "Xcode 3.2";
			developmentRegion = English;
			hasScannedForEncodings = 0;
			knownRegions = (
				en,
				Base,
			);
			mainGroup = 26B6C0EA1AF1BF3700FDFB8B;
			productRefGroup = 26B6C0F41AF1BF3700FDFB8B /* Products */;
			projectDirPath = "";
			projectRoot = "";
			targets = (
				26B6C0F21AF1BF3700FDFB8B /* JHAnimationKitExample */,
				26B6C10B1AF1BF3700FDFB8B /* JHAnimationKitExampleTests */,
			);
		};
/* End PBXProject section */

/* Begin PBXResourcesBuildPhase section */
		26B6C0F11AF1BF3700FDFB8B /* Resources */ = {
			isa = PBXResourcesBuildPhase;
			buildActionMask = 2147483647;
			files = (
				26B6C1021AF1BF3700FDFB8B /* Main.storyboard in Resources */,
				26B6C1071AF1BF3700FDFB8B /* LaunchScreen.xib in Resources */,
				26B6C1041AF1BF3700FDFB8B /* Images.xcassets in Resources */,
			);
			runOnlyForDeploymentPostprocessing = 0;
		};
		26B6C10A1AF1BF3700FDFB8B /* Resources */ = {
			isa = PBXResourcesBuildPhase;
			buildActionMask = 2147483647;
			files = (
			);
			runOnlyForDeploymentPostprocessing = 0;
		};
/* End PBXResourcesBuildPhase section */

/* Begin PBXSourcesBuildPhase section */
		26B6C0EF1AF1BF3700FDFB8B /* Sources */ = {
			isa = PBXSourcesBuildPhase;
			buildActionMask = 2147483647;
			files = (
				26B6C0FF1AF1BF3700FDFB8B /* ViewController.m in Sources */,
				262E78A11AF984CF00BC59D9 /* JHKeyframeAnimation.m in Sources */,
				262E78AE1AF9C39100BC59D9 /* NSBKeyframeAnimationFunctions.c in Sources */,
				26B6C0FC1AF1BF3700FDFB8B /* AppDelegate.m in Sources */,
				26B6C0F91AF1BF3700FDFB8B /* main.m in Sources */,
				26B6C1211AF1C12B00FDFB8B /* UIView+UIView_JHAnimationKit.m in Sources */,
			);
			runOnlyForDeploymentPostprocessing = 0;
		};
		26B6C1081AF1BF3700FDFB8B /* Sources */ = {
			isa = PBXSourcesBuildPhase;
			buildActionMask = 2147483647;
			files = (
				26B6C1131AF1BF3700FDFB8B /* JHAnimationKitExampleTests.m in Sources */,
			);
			runOnlyForDeploymentPostprocessing = 0;
		};
/* End PBXSourcesBuildPhase section */

/* Begin PBXTargetDependency section */
		26B6C10E1AF1BF3700FDFB8B /* PBXTargetDependency */ = {
			isa = PBXTargetDependency;
			target = 26B6C0F21AF1BF3700FDFB8B /* JHAnimationKitExample */;
			targetProxy = 26B6C10D1AF1BF3700FDFB8B /* PBXContainerItemProxy */;
		};
/* End PBXTargetDependency section */

/* Begin PBXVariantGroup section */
		26B6C1001AF1BF3700FDFB8B /* Main.storyboard */ = {
			isa = PBXVariantGroup;
			children = (
				26B6C1011AF1BF3700FDFB8B /* Base */,
			);
			name = Main.storyboard;
			sourceTree = "<group>";
		};
		26B6C1051AF1BF3700FDFB8B /* LaunchScreen.xib */ = {
			isa = PBXVariantGroup;
			children = (
				26B6C1061AF1BF3700FDFB8B /* Base */,
			);
			name = LaunchScreen.xib;
			sourceTree = "<group>";
		};
/* End PBXVariantGroup section */

/* Begin XCBuildConfiguration section */
		26B6C1141AF1BF3700FDFB8B /* Debug */ = {
			isa = XCBuildConfiguration;
			buildSettings = {
				ALWAYS_SEARCH_USER_PATHS = NO;
				CLANG_CXX_LANGUAGE_STANDARD = "gnu++0x";
				CLANG_CXX_LIBRARY = "libc++";
				CLANG_ENABLE_MODULES = YES;
				CLANG_ENABLE_OBJC_ARC = YES;
				CLANG_WARN_BOOL_CONVERSION = YES;
				CLANG_WARN_CONSTANT_CONVERSION = YES;
				CLANG_WARN_DIRECT_OBJC_ISA_USAGE = YES_ERROR;
				CLANG_WARN_EMPTY_BODY = YES;
				CLANG_WARN_ENUM_CONVERSION = YES;
				CLANG_WARN_INT_CONVERSION = YES;
				CLANG_WARN_OBJC_ROOT_CLASS = YES_ERROR;
				CLANG_WARN_UNREACHABLE_CODE = YES;
				CLANG_WARN__DUPLICATE_METHOD_MATCH = YES;
				"CODE_SIGN_IDENTITY[sdk=iphoneos*]" = "iPhone Developer";
				COPY_PHASE_STRIP = NO;
				DEBUG_INFORMATION_FORMAT = "dwarf-with-dsym";
				ENABLE_STRICT_OBJC_MSGSEND = YES;
				GCC_C_LANGUAGE_STANDARD = gnu99;
				GCC_DYNAMIC_NO_PIC = NO;
				GCC_NO_COMMON_BLOCKS = YES;
				GCC_OPTIMIZATION_LEVEL = 0;
				GCC_PREPROCESSOR_DEFINITIONS = (
					"DEBUG=1",
					"$(inherited)",
				);
				GCC_SYMBOLS_PRIVATE_EXTERN = NO;
				GCC_WARN_64_TO_32_BIT_CONVERSION = YES;
				GCC_WARN_ABOUT_RETURN_TYPE = YES_ERROR;
				GCC_WARN_UNDECLARED_SELECTOR = YES;
				GCC_WARN_UNINITIALIZED_AUTOS = YES_AGGRESSIVE;
				GCC_WARN_UNUSED_FUNCTION = YES;
				GCC_WARN_UNUSED_VARIABLE = YES;
				IPHONEOS_DEPLOYMENT_TARGET = 7.1;
				MTL_ENABLE_DEBUG_INFO = YES;
				ONLY_ACTIVE_ARCH = YES;
				SDKROOT = iphoneos;
			};
			name = Debug;
		};
		26B6C1151AF1BF3700FDFB8B /* Release */ = {
			isa = XCBuildConfiguration;
			buildSettings = {
				ALWAYS_SEARCH_USER_PATHS = NO;
				CLANG_CXX_LANGUAGE_STANDARD = "gnu++0x";
				CLANG_CXX_LIBRARY = "libc++";
				CLANG_ENABLE_MODULES = YES;
				CLANG_ENABLE_OBJC_ARC = YES;
				CLANG_WARN_BOOL_CONVERSION = YES;
				CLANG_WARN_CONSTANT_CONVERSION = YES;
				CLANG_WARN_DIRECT_OBJC_ISA_USAGE = YES_ERROR;
				CLANG_WARN_EMPTY_BODY = YES;
				CLANG_WARN_ENUM_CONVERSION = YES;
				CLANG_WARN_INT_CONVERSION = YES;
				CLANG_WARN_OBJC_ROOT_CLASS = YES_ERROR;
				CLANG_WARN_UNREACHABLE_CODE = YES;
				CLANG_WARN__DUPLICATE_METHOD_MATCH = YES;
				"CODE_SIGN_IDENTITY[sdk=iphoneos*]" = "iPhone Developer";
				COPY_PHASE_STRIP = NO;
				DEBUG_INFORMATION_FORMAT = "dwarf-with-dsym";
				ENABLE_NS_ASSERTIONS = NO;
				ENABLE_STRICT_OBJC_MSGSEND = YES;
				GCC_C_LANGUAGE_STANDARD = gnu99;
				GCC_NO_COMMON_BLOCKS = YES;
				GCC_WARN_64_TO_32_BIT_CONVERSION = YES;
				GCC_WARN_ABOUT_RETURN_TYPE = YES_ERROR;
				GCC_WARN_UNDECLARED_SELECTOR = YES;
				GCC_WARN_UNINITIALIZED_AUTOS = YES_AGGRESSIVE;
				GCC_WARN_UNUSED_FUNCTION = YES;
				GCC_WARN_UNUSED_VARIABLE = YES;
				IPHONEOS_DEPLOYMENT_TARGET = 7.1;
				MTL_ENABLE_DEBUG_INFO = NO;
				SDKROOT = iphoneos;
				VALIDATE_PRODUCT = YES;
			};
			name = Release;
		};
		26B6C1171AF1BF3700FDFB8B /* Debug */ = {
			isa = XCBuildConfiguration;
			buildSettings = {
				ASSETCATALOG_COMPILER_APPICON_NAME = AppIcon;
				INFOPLIST_FILE = JHAnimationKitExample/Info.plist;
				LD_RUNPATH_SEARCH_PATHS = "$(inherited) @executable_path/Frameworks";
				PRODUCT_NAME = "$(TARGET_NAME)";
			};
			name = Debug;
		};
		26B6C1181AF1BF3700FDFB8B /* Release */ = {
			isa = XCBuildConfiguration;
			buildSettings = {
				ASSETCATALOG_COMPILER_APPICON_NAME = AppIcon;
				INFOPLIST_FILE = JHAnimationKitExample/Info.plist;
				LD_RUNPATH_SEARCH_PATHS = "$(inherited) @executable_path/Frameworks";
				PRODUCT_NAME = "$(TARGET_NAME)";
			};
			name = Release;
		};
		26B6C11A1AF1BF3700FDFB8B /* Debug */ = {
			isa = XCBuildConfiguration;
			buildSettings = {
				BUNDLE_LOADER = "$(TEST_HOST)";
				FRAMEWORK_SEARCH_PATHS = (
					"$(SDKROOT)/Developer/Library/Frameworks",
					"$(inherited)",
				);
				GCC_PREPROCESSOR_DEFINITIONS = (
					"DEBUG=1",
					"$(inherited)",
				);
				INFOPLIST_FILE = JHAnimationKitExampleTests/Info.plist;
				LD_RUNPATH_SEARCH_PATHS = "$(inherited) @executable_path/Frameworks @loader_path/Frameworks";
				PRODUCT_NAME = "$(TARGET_NAME)";
				TEST_HOST = "$(BUILT_PRODUCTS_DIR)/JHAnimationKitExample.app/JHAnimationKitExample";
			};
			name = Debug;
		};
		26B6C11B1AF1BF3700FDFB8B /* Release */ = {
			isa = XCBuildConfiguration;
			buildSettings = {
				BUNDLE_LOADER = "$(TEST_HOST)";
				FRAMEWORK_SEARCH_PATHS = (
					"$(SDKROOT)/Developer/Library/Frameworks",
					"$(inherited)",
				);
				INFOPLIST_FILE = JHAnimationKitExampleTests/Info.plist;
				LD_RUNPATH_SEARCH_PATHS = "$(inherited) @executable_path/Frameworks @loader_path/Frameworks";
				PRODUCT_NAME = "$(TARGET_NAME)";
				TEST_HOST = "$(BUILT_PRODUCTS_DIR)/JHAnimationKitExample.app/JHAnimationKitExample";
			};
			name = Release;
		};
/* End XCBuildConfiguration section */

/* Begin XCConfigurationList section */
		26B6C0EE1AF1BF3700FDFB8B /* Build configuration list for PBXProject "JHAnimationKitExample" */ = {
			isa = XCConfigurationList;
			buildConfigurations = (
				26B6C1141AF1BF3700FDFB8B /* Debug */,
				26B6C1151AF1BF3700FDFB8B /* Release */,
			);
			defaultConfigurationIsVisible = 0;
			defaultConfigurationName = Release;
		};
		26B6C1161AF1BF3700FDFB8B /* Build configuration list for PBXNativeTarget "JHAnimationKitExample" */ = {
			isa = XCConfigurationList;
			buildConfigurations = (
				26B6C1171AF1BF3700FDFB8B /* Debug */,
				26B6C1181AF1BF3700FDFB8B /* Release */,
			);
			defaultConfigurationIsVisible = 0;
			defaultConfigurationName = Release;
		};
		26B6C1191AF1BF3700FDFB8B /* Build configuration list for PBXNativeTarget "JHAnimationKitExampleTests" */ = {
			isa = XCConfigurationList;
			buildConfigurations = (
				26B6C11A1AF1BF3700FDFB8B /* Debug */,
				26B6C11B1AF1BF3700FDFB8B /* Release */,
			);
			defaultConfigurationIsVisible = 0;
			defaultConfigurationName = Release;
		};
/* End XCConfigurationList section */
	};
	rootObject = 26B6C0EB1AF1BF3700FDFB8B /* Project object */;
}
